
Microsoft Visual Studio Solution File, Format Version 12.00
# Visual Studio Version 17
VisualStudioVersion = 17.10.34707.107
MinimumVisualStudioVersion = 10.0.40219.1
Project("{9A19103F-16F7-4668-BE54-9A1E7A4F7556}") = "CompanyEmployees", "CompanyEmployees\CompanyEmployees.csproj", "{245E1A39-E217-477D-BBF0-F7F497748860}"
EndProject
Project("{9A19103F-16F7-4668-BE54-9A1E7A4F7556}") = "Contracts", "Contracts\Contracts.csproj", "{613DC293-3F12-4B1F-8CD3-2100B3C6FDF0}"
EndProject
Project("{9A19103F-16F7-4668-BE54-9A1E7A4F7556}") = "LoggerService", "LoggerService\LoggerService.csproj", "{C88E1B93-58F2-4ED7-B278-4DF299591880}"
EndProject
Project("{9A19103F-16F7-4668-BE54-9A1E7A4F7556}") = "Entities", "Entities\Entities.csproj", "{CF2F0684-79DD-459B-88E9-4BBB54496728}"
EndProject
Project("{9A19103F-16F7-4668-BE54-9A1E7A4F7556}") = "Repository", "Repository\Repository.csproj", "{35F5A6C2-3E68-46E1-85C3-8DD340C3414B}"
EndProject
Project("{FAE04EC0-301F-11D3-BF4B-00C04F79EFBC}") = "Service.Contracts", "Service.Contracts\Service.Contracts.csproj", "{C79C8827-0905-41F2-A7CC-EE5309538AE0}"
EndProject
Project("{FAE04EC0-301F-11D3-BF4B-00C04F79EFBC}") = "Service", "Service\Service.csproj", "{FF08A7D8-F2E7-49FD-B420-83E235EEB552}"
EndProject
Global
	GlobalSection(SolutionConfigurationPlatforms) = preSolution
		Debug|Any CPU = Debug|Any CPU
		Release|Any CPU = Release|Any CPU
	EndGlobalSection
	GlobalSection(ProjectConfigurationPlatforms) = postSolution
		{245E1A39-E217-477D-BBF0-F7F497748860}.Debug|Any CPU.ActiveCfg = Debug|Any CPU
		{245E1A39-E217-477D-BBF0-F7F497748860}.Debug|Any CPU.Build.0 = Debug|Any CPU
		{245E1A39-E217-477D-BBF0-F7F497748860}.Release|Any CPU.ActiveCfg = Release|Any CPU
		{245E1A39-E217-477D-BBF0-F7F497748860}.Release|Any CPU.Build.0 = Release|Any CPU
		{613DC293-3F12-4B1F-8CD3-2100B3C6FDF0}.Debug|Any CPU.ActiveCfg = Debug|Any CPU
		{613DC293-3F12-4B1F-8CD3-2100B3C6FDF0}.Debug|Any CPU.Build.0 = Debug|Any CPU
		{613DC293-3F12-4B1F-8CD3-2100B3C6FDF0}.Release|Any CPU.ActiveCfg = Release|Any CPU
		{613DC293-3F12-4B1F-8CD3-2100B3C6FDF0}.Release|Any CPU.Build.0 = Release|Any CPU
		{C88E1B93-58F2-4ED7-B278-4DF299591880}.Debug|Any CPU.ActiveCfg = Debug|Any CPU
		{C88E1B93-58F2-4ED7-B278-4DF299591880}.Debug|Any CPU.Build.0 = Debug|Any CPU
		{C88E1B93-58F2-4ED7-B278-4DF299591880}.Release|Any CPU.ActiveCfg = Release|Any CPU
		{C88E1B93-58F2-4ED7-B278-4DF299591880}.Release|Any CPU.Build.0 = Release|Any CPU
		{CF2F0684-79DD-459B-88E9-4BBB54496728}.Debug|Any CPU.ActiveCfg = Debug|Any CPU
		{CF2F0684-79DD-459B-88E9-4BBB54496728}.Debug|Any CPU.Build.0 = Debug|Any CPU
		{CF2F0684-79DD-459B-88E9-4BBB54496728}.Release|Any CPU.ActiveCfg = Release|Any CPU
		{CF2F0684-79DD-459B-88E9-4BBB54496728}.Release|Any CPU.Build.0 = Release|Any CPU
		{35F5A6C2-3E68-46E1-85C3-8DD340C3414B}.Debug|Any CPU.ActiveCfg = Debug|Any CPU
		{35F5A6C2-3E68-46E1-85C3-8DD340C3414B}.Debug|Any CPU.Build.0 = Debug|Any CPU
		{35F5A6C2-3E68-46E1-85C3-8DD340C3414B}.Release|Any CPU.ActiveCfg = Release|Any CPU
		{35F5A6C2-3E68-46E1-85C3-8DD340C3414B}.Release|Any CPU.Build.0 = Release|Any CPU
		{C79C8827-0905-41F2-A7CC-EE5309538AE0}.Debug|Any CPU.ActiveCfg = Debug|Any CPU
		{C79C8827-0905-41F2-A7CC-EE5309538AE0}.Debug|Any CPU.Build.0 = Debug|Any CPU
		{C79C8827-0905-41F2-A7CC-EE5309538AE0}.Release|Any CPU.ActiveCfg = Release|Any CPU
		{C79C8827-0905-41F2-A7CC-EE5309538AE0}.Release|Any CPU.Build.0 = Release|Any CPU
		{FF08A7D8-F2E7-49FD-B420-83E235EEB552}.Debug|Any CPU.ActiveCfg = Debug|Any CPU
		{FF08A7D8-F2E7-49FD-B420-83E235EEB552}.Debug|Any CPU.Build.0 = Debug|Any CPU
		{FF08A7D8-F2E7-49FD-B420-83E235EEB552}.Release|Any CPU.ActiveCfg = Release|Any CPU
		{FF08A7D8-F2E7-49FD-B420-83E235EEB552}.Release|Any CPU.Build.0 = Release|Any CPU
	EndGlobalSection
	GlobalSection(SolutionProperties) = preSolution
		HideSolutionNode = FALSE
	EndGlobalSection
	GlobalSection(ExtensibilityGlobals) = postSolution
		SolutionGuid = {B8C55C34-F441-49BF-8028-9D6BD226A15E}
	EndGlobalSection
EndGlobal
